
Microsoft Visual Studio Solution File, Format Version 12.00
# Visual Studio Version 17
VisualStudioVersion = 17.0.31919.166
MinimumVisualStudioVersion = 10.0.40219.1
Project("{9A19103F-16F7-4668-BE54-9A1E7A4F7556}") = "YaDictionarySDK", "YaDictionarySDK\YaDictionarySDK.csproj", "{65318CA7-F6E1-47BA-98F4-64C4FB88B572}"
EndProject
Project("{9A19103F-16F7-4668-BE54-9A1E7A4F7556}") = "YaDictionarySDKTests", "YaDictionarySDKTests\YaDictionarySDKTests.csproj", "{69E506B0-FF4E-42CB-B3A8-F3D52075068B}"
EndProject
Project("{FAE04EC0-301F-11D3-BF4B-00C04F79EFBC}") = "YaDictionarySDKNetFramework", "YaDictionarySDKNetFramework\YaDictionarySDKNetFramework.csproj", "{31C0FE61-AAF3-4624-B972-532A6BCDAC29}"
EndProject
Project("{FAE04EC0-301F-11D3-BF4B-00C04F79EFBC}") = "YaDictionarySDKNetFrameworkTests", "YaDictionarySDKNetFrameworkTests\YaDictionarySDKNetFrameworkTests.csproj", "{C2F1B977-DBF8-4A44-9E5F-8D125989A526}"
EndProject
Global
	GlobalSection(SolutionConfigurationPlatforms) = preSolution
		Debug|Any CPU = Debug|Any CPU
		Release|Any CPU = Release|Any CPU
	EndGlobalSection
	GlobalSection(ProjectConfigurationPlatforms) = postSolution
		{65318CA7-F6E1-47BA-98F4-64C4FB88B572}.Debug|Any CPU.ActiveCfg = Debug|Any CPU
		{65318CA7-F6E1-47BA-98F4-64C4FB88B572}.Debug|Any CPU.Build.0 = Debug|Any CPU
		{65318CA7-F6E1-47BA-98F4-64C4FB88B572}.Release|Any CPU.ActiveCfg = Release|Any CPU
		{65318CA7-F6E1-47BA-98F4-64C4FB88B572}.Release|Any CPU.Build.0 = Release|Any CPU
		{69E506B0-FF4E-42CB-B3A8-F3D52075068B}.Debug|Any CPU.ActiveCfg = Debug|Any CPU
		{69E506B0-FF4E-42CB-B3A8-F3D52075068B}.Debug|Any CPU.Build.0 = Debug|Any CPU
		{69E506B0-FF4E-42CB-B3A8-F3D52075068B}.Release|Any CPU.ActiveCfg = Release|Any CPU
		{69E506B0-FF4E-42CB-B3A8-F3D52075068B}.Release|Any CPU.Build.0 = Release|Any CPU
		{31C0FE61-AAF3-4624-B972-532A6BCDAC29}.Debug|Any CPU.ActiveCfg = Debug|Any CPU
		{31C0FE61-AAF3-4624-B972-532A6BCDAC29}.Debug|Any CPU.Build.0 = Debug|Any CPU
		{31C0FE61-AAF3-4624-B972-532A6BCDAC29}.Release|Any CPU.ActiveCfg = Release|Any CPU
		{31C0FE61-AAF3-4624-B972-532A6BCDAC29}.Release|Any CPU.Build.0 = Release|Any CPU
		{C2F1B977-DBF8-4A44-9E5F-8D125989A526}.Debug|Any CPU.ActiveCfg = Debug|Any CPU
		{C2F1B977-DBF8-4A44-9E5F-8D125989A526}.Debug|Any CPU.Build.0 = Debug|Any CPU
		{C2F1B977-DBF8-4A44-9E5F-8D125989A526}.Release|Any CPU.ActiveCfg = Release|Any CPU
		{C2F1B977-DBF8-4A44-9E5F-8D125989A526}.Release|Any CPU.Build.0 = Release|Any CPU
	EndGlobalSection
	GlobalSection(SolutionProperties) = preSolution
		HideSolutionNode = FALSE
	EndGlobalSection
	GlobalSection(ExtensibilityGlobals) = postSolution
		SolutionGuid = {F69CCAFB-29FB-4946-AFA3-9D818C39E6FC}
	EndGlobalSection
EndGlobal
